github.com/vvdvortsova/greetings v0.0.0-20210315153632-ceff356ec83c h1:sZPCKks0mQJOl3/RHMvcmSsiGc6epjmWqRx3V/TaWPY=
github.com/vvdvortsova/greetings v0.0.0-20210315153632-ceff356ec83c/go.mod h1:73AqAKVfsSeSbi5wGV+4t1roeNOPhv8/MzTv6sF4Q9s=
github.com/vvdvortsova/greetingsdeps v0.0.0-20210315150331-302c07bfd2da h1:jmuZ8zanVBU5PcaFetGjkDq3+B3FnB7W+xBzyH1P3d4=
github.com/vvdvortsova/greetingsdeps v0.0.0-20210315150331-302c07bfd2da/go.mod h1:3kwA3iq2Fs3ZsqupkIUtemTX2m+dY1L+Z2bRSfCWhP8=
